
Microsoft Visual Studio Solution File, Format Version 12.00
# Visual Studio Version 17
VisualStudioVersion = 17.4.33205.214
MinimumVisualStudioVersion = 10.0.40219.1
Project("{9A19103F-16F7-4668-BE54-9A1E7A4F7556}") = "Console_ContactBook", "Console_ContactBook\Console_ContactBook.csproj", "{6711F72B-2192-4BC5-A204-6D580AF48160}"
EndProject
Project("{FAE04EC0-301F-11D3-BF4B-00C04F79EFBC}") = "Console_ContactBook.Tests", "Console_ContactBook.Tests\Console_ContactBook.Tests.csproj", "{281A319D-E39C-411B-A961-12D1A147B6EA}"
EndProject
Global
	GlobalSection(SolutionConfigurationPlatforms) = preSolution
		Debug|Any CPU = Debug|Any CPU
		Release|Any CPU = Release|Any CPU
	EndGlobalSection
	GlobalSection(ProjectConfigurationPlatforms) = postSolution
		{6711F72B-2192-4BC5-A204-6D580AF48160}.Debug|Any CPU.ActiveCfg = Debug|Any CPU
		{6711F72B-2192-4BC5-A204-6D580AF48160}.Debug|Any CPU.Build.0 = Debug|Any CPU
		{6711F72B-2192-4BC5-A204-6D580AF48160}.Release|Any CPU.ActiveCfg = Release|Any CPU
		{6711F72B-2192-4BC5-A204-6D580AF48160}.Release|Any CPU.Build.0 = Release|Any CPU
		{281A319D-E39C-411B-A961-12D1A147B6EA}.Debug|Any CPU.ActiveCfg = Debug|Any CPU
		{281A319D-E39C-411B-A961-12D1A147B6EA}.Debug|Any CPU.Build.0 = Debug|Any CPU
		{281A319D-E39C-411B-A961-12D1A147B6EA}.Release|Any CPU.ActiveCfg = Release|Any CPU
		{281A319D-E39C-411B-A961-12D1A147B6EA}.Release|Any CPU.Build.0 = Release|Any CPU
	EndGlobalSection
	GlobalSection(SolutionProperties) = preSolution
		HideSolutionNode = FALSE
	EndGlobalSection
	GlobalSection(ExtensibilityGlobals) = postSolution
		SolutionGuid = {713BDFB2-A786-4457-A068-A6AEAB5915E0}
	EndGlobalSection
EndGlobal
